
Microsoft Visual Studio Solution File, Format Version 12.00
# Visual Studio Version 17
VisualStudioVersion = 17.1.32228.430
MinimumVisualStudioVersion = 10.0.40219.1
Project("{8BC9CEB8-8B4A-11D0-8D11-00A0C91BC942}") = "PKR 4.1", "PKR 4.1.vcxproj", "{2AF305B2-B641-4907-9F4B-B987B779C2C4}"
EndProject
Project("{8BC9CEB8-8B4A-11D0-8D11-00A0C91BC942}") = "UnitTest1", "..\UnitTest1\UnitTest1.vcxproj", "{CEFFC247-B97F-4D69-9E90-35D5C1F5BAB7}"
EndProject
Global
	GlobalSection(SolutionConfigurationPlatforms) = preSolution
		Debug|x64 = Debug|x64
		Debug|x86 = Debug|x86
		Release|x64 = Release|x64
		Release|x86 = Release|x86
	EndGlobalSection
	GlobalSection(ProjectConfigurationPlatforms) = postSolution
		{2AF305B2-B641-4907-9F4B-B987B779C2C4}.Debug|x64.ActiveCfg = Debug|x64
		{2AF305B2-B641-4907-9F4B-B987B779C2C4}.Debug|x64.Build.0 = Debug|x64
		{2AF305B2-B641-4907-9F4B-B987B779C2C4}.Debug|x86.ActiveCfg = Debug|Win32
		{2AF305B2-B641-4907-9F4B-B987B779C2C4}.Debug|x86.Build.0 = Debug|Win32
		{2AF305B2-B641-4907-9F4B-B987B779C2C4}.Release|x64.ActiveCfg = Release|x64
		{2AF305B2-B641-4907-9F4B-B987B779C2C4}.Release|x64.Build.0 = Release|x64
		{2AF305B2-B641-4907-9F4B-B987B779C2C4}.Release|x86.ActiveCfg = Release|Win32
		{2AF305B2-B641-4907-9F4B-B987B779C2C4}.Release|x86.Build.0 = Release|Win32
		{CEFFC247-B97F-4D69-9E90-35D5C1F5BAB7}.Debug|x64.ActiveCfg = Debug|x64
		{CEFFC247-B97F-4D69-9E90-35D5C1F5BAB7}.Debug|x64.Build.0 = Debug|x64
		{CEFFC247-B97F-4D69-9E90-35D5C1F5BAB7}.Debug|x86.ActiveCfg = Debug|Win32
		{CEFFC247-B97F-4D69-9E90-35D5C1F5BAB7}.Debug|x86.Build.0 = Debug|Win32
		{CEFFC247-B97F-4D69-9E90-35D5C1F5BAB7}.Release|x64.ActiveCfg = Release|x64
		{CEFFC247-B97F-4D69-9E90-35D5C1F5BAB7}.Release|x64.Build.0 = Release|x64
		{CEFFC247-B97F-4D69-9E90-35D5C1F5BAB7}.Release|x86.ActiveCfg = Release|Win32
		{CEFFC247-B97F-4D69-9E90-35D5C1F5BAB7}.Release|x86.Build.0 = Release|Win32
	EndGlobalSection
	GlobalSection(SolutionProperties) = preSolution
		HideSolutionNode = FALSE
	EndGlobalSection
	GlobalSection(ExtensibilityGlobals) = postSolution
		SolutionGuid = {ECCFD527-3250-4AFD-A19E-73BAAF800922}
	EndGlobalSection
EndGlobal
